
Microsoft Visual Studio Solution File, Format Version 12.00
# Visual Studio Version 16
VisualStudioVersion = 16.0.31729.503
MinimumVisualStudioVersion = 10.0.40219.1
Project("{9A19103F-16F7-4668-BE54-9A1E7A4F7556}") = "ProductMicroService", "ProductMicroService.csproj", "{0AD24B71-1CD1-4B4A-ADA1-5FB38C5BA049}"
EndProject
Project("{FAE04EC0-301F-11D3-BF4B-00C04F79EFBC}") = "ProductMicroserviceBidDisplayUnitTest", "..\ProductMicroserviceBidDisplayUnitTest\ProductMicroserviceBidDisplayUnitTest.csproj", "{C563465A-62AE-47B7-AC9B-8CF3342BA456}"
EndProject
Global
	GlobalSection(SolutionConfigurationPlatforms) = preSolution
		Debug|Any CPU = Debug|Any CPU
		Release|Any CPU = Release|Any CPU
	EndGlobalSection
	GlobalSection(ProjectConfigurationPlatforms) = postSolution
		{0AD24B71-1CD1-4B4A-ADA1-5FB38C5BA049}.Debug|Any CPU.ActiveCfg = Debug|Any CPU
		{0AD24B71-1CD1-4B4A-ADA1-5FB38C5BA049}.Debug|Any CPU.Build.0 = Debug|Any CPU
		{0AD24B71-1CD1-4B4A-ADA1-5FB38C5BA049}.Release|Any CPU.ActiveCfg = Release|Any CPU
		{0AD24B71-1CD1-4B4A-ADA1-5FB38C5BA049}.Release|Any CPU.Build.0 = Release|Any CPU
		{C563465A-62AE-47B7-AC9B-8CF3342BA456}.Debug|Any CPU.ActiveCfg = Debug|Any CPU
		{C563465A-62AE-47B7-AC9B-8CF3342BA456}.Debug|Any CPU.Build.0 = Debug|Any CPU
		{C563465A-62AE-47B7-AC9B-8CF3342BA456}.Release|Any CPU.ActiveCfg = Release|Any CPU
		{C563465A-62AE-47B7-AC9B-8CF3342BA456}.Release|Any CPU.Build.0 = Release|Any CPU
	EndGlobalSection
	GlobalSection(SolutionProperties) = preSolution
		HideSolutionNode = FALSE
	EndGlobalSection
	GlobalSection(ExtensibilityGlobals) = postSolution
		SolutionGuid = {06A7821F-2899-46D8-B780-DF2630BE880D}
	EndGlobalSection
EndGlobal
