
Microsoft Visual Studio Solution File, Format Version 12.00
# Visual Studio Version 16
VisualStudioVersion = 16.0.31729.503
MinimumVisualStudioVersion = 10.0.40219.1
Project("{FAE04EC0-301F-11D3-BF4B-00C04F79EFBC}") = "ProductBidCloud", "ProductBidCloud.csproj", "{B94377E7-C561-455F-9B1E-107AA174176B}"
EndProject
Global
	GlobalSection(SolutionConfigurationPlatforms) = preSolution
		Debug|Any CPU = Debug|Any CPU
		Release|Any CPU = Release|Any CPU
	EndGlobalSection
	GlobalSection(ProjectConfigurationPlatforms) = postSolution
		{B94377E7-C561-455F-9B1E-107AA174176B}.Debug|Any CPU.ActiveCfg = Debug|Any CPU
		{B94377E7-C561-455F-9B1E-107AA174176B}.Debug|Any CPU.Build.0 = Debug|Any CPU
		{B94377E7-C561-455F-9B1E-107AA174176B}.Release|Any CPU.ActiveCfg = Release|Any CPU
		{B94377E7-C561-455F-9B1E-107AA174176B}.Release|Any CPU.Build.0 = Release|Any CPU
	EndGlobalSection
	GlobalSection(SolutionProperties) = preSolution
		HideSolutionNode = FALSE
	EndGlobalSection
	GlobalSection(ExtensibilityGlobals) = postSolution
		SolutionGuid = {44F2F3C7-2D1B-4F93-BC56-104015AEB946}
	EndGlobalSection
EndGlobal
